// !$*UTF8*$!
{
	archiveVersion = 1;
	classes = {
	};
	objectVersion = 50;
	objects = {

/* Begin PBXBuildFile section */
		338A84FF2691F7AC0097C189 /* WidgetView.swift in Sources */ = {isa = PBXBuildFile; fileRef = 338A84FE2691F7AC0097C189 /* WidgetView.swift */; };
		33910D35267F38F9000CBC98 /* MyMedisApp.swift in Sources */ = {isa = PBXBuildFile; fileRef = 33910D34267F38F9000CBC98 /* MyMedisApp.swift */; };
		33910D37267F38F9000CBC98 /* ContentView.swift in Sources */ = {isa = PBXBuildFile; fileRef = 33910D36267F38F9000CBC98 /* ContentView.swift */; };
		33910D39267F38FE000CBC98 /* Assets.xcassets in Resources */ = {isa = PBXBuildFile; fileRef = 33910D38267F38FE000CBC98 /* Assets.xcassets */; };
		33910D3C267F38FE000CBC98 /* Preview Assets.xcassets in Resources */ = {isa = PBXBuildFile; fileRef = 33910D3B267F38FE000CBC98 /* Preview Assets.xcassets */; };
		33910D45267F3CDC000CBC98 /* MedicationOverview.swift in Sources */ = {isa = PBXBuildFile; fileRef = 33910D44267F3CDC000CBC98 /* MedicationOverview.swift */; };
		33994FA8268765110022E3B4 /* swissmedicMedications.json in Resources */ = {isa = PBXBuildFile; fileRef = 33994FA7268765110022E3B4 /* swissmedicMedications.json */; };
		33994FAB268765510022E3B4 /* SwissmedicMedication.swift in Sources */ = {isa = PBXBuildFile; fileRef = 33994FAA268765510022E3B4 /* SwissmedicMedication.swift */; };
		33994FAD268765C60022E3B4 /* ModelData.swift in Sources */ = {isa = PBXBuildFile; fileRef = 33994FAC268765C60022E3B4 /* ModelData.swift */; };
		33994FAF268768700022E3B4 /* SwissmedicMedicationsView.swift in Sources */ = {isa = PBXBuildFile; fileRef = 33994FAE268768700022E3B4 /* SwissmedicMedicationsView.swift */; };
		33994FB426877C690022E3B4 /* SearchBar.swift in Sources */ = {isa = PBXBuildFile; fileRef = 33994FB326877C680022E3B4 /* SearchBar.swift */; };
		33994FB8268881ED0022E3B4 /* Medication.swift in Sources */ = {isa = PBXBuildFile; fileRef = 33994FB7268881ED0022E3B4 /* Medication.swift */; };
		33994FBC2688B58B0022E3B4 /* MedicationRow.swift in Sources */ = {isa = PBXBuildFile; fileRef = 33994FBB2688B58A0022E3B4 /* MedicationRow.swift */; };
		33994FE42688CB410022E3B4 /* WidgetKit.framework in Frameworks */ = {isa = PBXBuildFile; fileRef = 33994FC32688C4050022E3B4 /* WidgetKit.framework */; };
		33994FE52688CB410022E3B4 /* SwiftUI.framework in Frameworks */ = {isa = PBXBuildFile; fileRef = 33994FC52688C4050022E3B4 /* SwiftUI.framework */; };
		33994FE82688CB410022E3B4 /* MedicationWidget.swift in Sources */ = {isa = PBXBuildFile; fileRef = 33994FE72688CB410022E3B4 /* MedicationWidget.swift */; };
		33994FEA2688CB430022E3B4 /* Assets.xcassets in Resources */ = {isa = PBXBuildFile; fileRef = 33994FE92688CB430022E3B4 /* Assets.xcassets */; };
		33994FEE2688CB430022E3B4 /* MedicationWidgetExtension.appex in Embed App Extensions */ = {isa = PBXBuildFile; fileRef = 33994FE32688CB410022E3B4 /* MedicationWidgetExtension.appex */; settings = {ATTRIBUTES = (RemoveHeadersOnCopy, ); }; };
		33994FF22688CB4D0022E3B4 /* SwissmedicMedication.swift in Sources */ = {isa = PBXBuildFile; fileRef = 33994FAA268765510022E3B4 /* SwissmedicMedication.swift */; };
		33994FF32688CB530022E3B4 /* Medication.swift in Sources */ = {isa = PBXBuildFile; fileRef = 33994FB7268881ED0022E3B4 /* Medication.swift */; };
		33994FF42688CB590022E3B4 /* ModelData.swift in Sources */ = {isa = PBXBuildFile; fileRef = 33994FAC268765C60022E3B4 /* ModelData.swift */; };
		33994FF52688CB5C0022E3B4 /* MedicationRow.swift in Sources */ = {isa = PBXBuildFile; fileRef = 33994FBB2688B58A0022E3B4 /* MedicationRow.swift */; };
		33994FF62688CB600022E3B4 /* MedicationOverview.swift in Sources */ = {isa = PBXBuildFile; fileRef = 33910D44267F3CDC000CBC98 /* MedicationOverview.swift */; };
		33994FFB2688E51A0022E3B4 /* MyMedis.xcdatamodeld in Sources */ = {isa = PBXBuildFile; fileRef = 33994FF92688E51A0022E3B4 /* MyMedis.xcdatamodeld */; };
		33994FFC2688E5200022E3B4 /* MyMedis.xcdatamodeld in Sources */ = {isa = PBXBuildFile; fileRef = 33994FF92688E51A0022E3B4 /* MyMedis.xcdatamodeld */; };
		33995022268F14CC0022E3B4 /* Persistence.swift in Sources */ = {isa = PBXBuildFile; fileRef = 33995021268F14CC0022E3B4 /* Persistence.swift */; };
		3399502F268F42920022E3B4 /* Persistence.swift in Sources */ = {isa = PBXBuildFile; fileRef = 33995021268F14CC0022E3B4 /* Persistence.swift */; };
		33995033268F49230022E3B4 /* AddMedicationView.swift in Sources */ = {isa = PBXBuildFile; fileRef = 33995032268F49230022E3B4 /* AddMedicationView.swift */; };
		33BEBDED26944977009F6EDF /* CoreDataStack.swift in Sources */ = {isa = PBXBuildFile; fileRef = 33BEBDEC26944977009F6EDF /* CoreDataStack.swift */; };
		33BEBDEE26944977009F6EDF /* CoreDataStack.swift in Sources */ = {isa = PBXBuildFile; fileRef = 33BEBDEC26944977009F6EDF /* CoreDataStack.swift */; };
		C848551B2E58ABE1C1E59B78 /* Multiselector.swift in Sources */ = {isa = PBXBuildFile; fileRef = C84859C1EBD6312713AF5687 /* Multiselector.swift */; };
/* End PBXBuildFile section */

/* Begin PBXContainerItemProxy section */
		33994FEC2688CB430022E3B4 /* PBXContainerItemProxy */ = {
			isa = PBXContainerItemProxy;
			containerPortal = 33910D29267F38F9000CBC98 /* Project object */;
			proxyType = 1;
			remoteGlobalIDString = 33994FE22688CB410022E3B4;
			remoteInfo = MedicationWidgetExtension;
		};
/* End PBXContainerItemProxy section */

/* Begin PBXCopyFilesBuildPhase section */
		33994FD62688C4080022E3B4 /* Embed App Extensions */ = {
			isa = PBXCopyFilesBuildPhase;
			buildActionMask = 2147483647;
			dstPath = "";
			dstSubfolderSpec = 13;
			files = (
				33994FEE2688CB430022E3B4 /* MedicationWidgetExtension.appex in Embed App Extensions */,
			);
			name = "Embed App Extensions";
			runOnlyForDeploymentPostprocessing = 0;
		};
/* End PBXCopyFilesBuildPhase section */

/* Begin PBXFileReference section */
		338A84FE2691F7AC0097C189 /* WidgetView.swift */ = {isa = PBXFileReference; lastKnownFileType = sourcecode.swift; path = WidgetView.swift; sourceTree = "<group>"; };
		33910D31267F38F9000CBC98 /* MyMedis.app */ = {isa = PBXFileReference; explicitFileType = wrapper.application; includeInIndex = 0; path = MyMedis.app; sourceTree = BUILT_PRODUCTS_DIR; };
		33910D34267F38F9000CBC98 /* MyMedisApp.swift */ = {isa = PBXFileReference; lastKnownFileType = sourcecode.swift; path = MyMedisApp.swift; sourceTree = "<group>"; };
		33910D36267F38F9000CBC98 /* ContentView.swift */ = {isa = PBXFileReference; lastKnownFileType = sourcecode.swift; path = ContentView.swift; sourceTree = "<group>"; };
		33910D38267F38FE000CBC98 /* Assets.xcassets */ = {isa = PBXFileReference; lastKnownFileType = folder.assetcatalog; path = Assets.xcassets; sourceTree = "<group>"; };
		33910D3B267F38FE000CBC98 /* Preview Assets.xcassets */ = {isa = PBXFileReference; lastKnownFileType = folder.assetcatalog; path = "Preview Assets.xcassets"; sourceTree = "<group>"; };
		33910D3D267F38FE000CBC98 /* Info.plist */ = {isa = PBXFileReference; lastKnownFileType = text.plist.xml; path = Info.plist; sourceTree = "<group>"; };
		33910D44267F3CDC000CBC98 /* MedicationOverview.swift */ = {isa = PBXFileReference; lastKnownFileType = sourcecode.swift; path = MedicationOverview.swift; sourceTree = "<group>"; };
		33994FA7268765110022E3B4 /* swissmedicMedications.json */ = {isa = PBXFileReference; fileEncoding = 4; lastKnownFileType = text.json; path = swissmedicMedications.json; sourceTree = SOURCE_ROOT; };
		33994FAA268765510022E3B4 /* SwissmedicMedication.swift */ = {isa = PBXFileReference; lastKnownFileType = sourcecode.swift; path = SwissmedicMedication.swift; sourceTree = "<group>"; };
		33994FAC268765C60022E3B4 /* ModelData.swift */ = {isa = PBXFileReference; lastKnownFileType = sourcecode.swift; path = ModelData.swift; sourceTree = "<group>"; };
		33994FAE268768700022E3B4 /* SwissmedicMedicationsView.swift */ = {isa = PBXFileReference; lastKnownFileType = sourcecode.swift; path = SwissmedicMedicationsView.swift; sourceTree = "<group>"; };
		33994FB326877C680022E3B4 /* SearchBar.swift */ = {isa = PBXFileReference; lastKnownFileType = sourcecode.swift; path = SearchBar.swift; sourceTree = "<group>"; };
		33994FB7268881ED0022E3B4 /* Medication.swift */ = {isa = PBXFileReference; lastKnownFileType = sourcecode.swift; path = Medication.swift; sourceTree = "<group>"; };
		33994FBB2688B58A0022E3B4 /* MedicationRow.swift */ = {isa = PBXFileReference; lastKnownFileType = sourcecode.swift; path = MedicationRow.swift; sourceTree = "<group>"; };
		33994FC32688C4050022E3B4 /* WidgetKit.framework */ = {isa = PBXFileReference; lastKnownFileType = wrapper.framework; name = WidgetKit.framework; path = System/Library/Frameworks/WidgetKit.framework; sourceTree = SDKROOT; };
		33994FC52688C4050022E3B4 /* SwiftUI.framework */ = {isa = PBXFileReference; lastKnownFileType = wrapper.framework; name = SwiftUI.framework; path = System/Library/Frameworks/SwiftUI.framework; sourceTree = SDKROOT; };
		33994FE32688CB410022E3B4 /* MedicationWidgetExtension.appex */ = {isa = PBXFileReference; explicitFileType = "wrapper.app-extension"; includeInIndex = 0; path = MedicationWidgetExtension.appex; sourceTree = BUILT_PRODUCTS_DIR; };
		33994FE72688CB410022E3B4 /* MedicationWidget.swift */ = {isa = PBXFileReference; lastKnownFileType = sourcecode.swift; path = MedicationWidget.swift; sourceTree = "<group>"; };
		33994FE92688CB430022E3B4 /* Assets.xcassets */ = {isa = PBXFileReference; lastKnownFileType = folder.assetcatalog; path = Assets.xcassets; sourceTree = "<group>"; };
		33994FEB2688CB430022E3B4 /* Info.plist */ = {isa = PBXFileReference; lastKnownFileType = text.plist.xml; path = Info.plist; sourceTree = "<group>"; };
		33994FFA2688E51A0022E3B4 /* Main.xcdatamodel */ = {isa = PBXFileReference; lastKnownFileType = wrapper.xcdatamodel; path = Main.xcdatamodel; sourceTree = "<group>"; };
		33995021268F14CC0022E3B4 /* Persistence.swift */ = {isa = PBXFileReference; fileEncoding = 4; lastKnownFileType = sourcecode.swift; path = Persistence.swift; sourceTree = "<group>"; };
		33995032268F49230022E3B4 /* AddMedicationView.swift */ = {isa = PBXFileReference; lastKnownFileType = sourcecode.swift; path = AddMedicationView.swift; sourceTree = "<group>"; };
		33BEBDEC26944977009F6EDF /* CoreDataStack.swift */ = {isa = PBXFileReference; lastKnownFileType = sourcecode.swift; path = CoreDataStack.swift; sourceTree = "<group>"; };
		C84859C1EBD6312713AF5687 /* Multiselector.swift */ = {isa = PBXFileReference; fileEncoding = 4; lastKnownFileType = sourcecode.swift; path = Multiselector.swift; sourceTree = "<group>"; };
/* End PBXFileReference section */

/* Begin PBXFrameworksBuildPhase section */
		33910D2E267F38F9000CBC98 /* Frameworks */ = {
			isa = PBXFrameworksBuildPhase;
			buildActionMask = 2147483647;
			files = (
			);
			runOnlyForDeploymentPostprocessing = 0;
		};
		33994FE02688CB410022E3B4 /* Frameworks */ = {
			isa = PBXFrameworksBuildPhase;
			buildActionMask = 2147483647;
			files = (
				33994FE52688CB410022E3B4 /* SwiftUI.framework in Frameworks */,
				33994FE42688CB410022E3B4 /* WidgetKit.framework in Frameworks */,
			);
			runOnlyForDeploymentPostprocessing = 0;
		};
/* End PBXFrameworksBuildPhase section */

/* Begin PBXGroup section */
		33910D28267F38F9000CBC98 = {
			isa = PBXGroup;
			children = (
				33910D33267F38F9000CBC98 /* MyMedis */,
				33994FE62688CB410022E3B4 /* MedicationWidget */,
				33994FC22688C4050022E3B4 /* Frameworks */,
				33910D32267F38F9000CBC98 /* Products */,
			);
			sourceTree = "<group>";
		};
		33910D32267F38F9000CBC98 /* Products */ = {
			isa = PBXGroup;
			children = (
				33910D31267F38F9000CBC98 /* MyMedis.app */,
				33994FE32688CB410022E3B4 /* MedicationWidgetExtension.appex */,
			);
			name = Products;
			sourceTree = "<group>";
		};
		33910D33267F38F9000CBC98 /* MyMedis */ = {
			isa = PBXGroup;
			children = (
				33995021268F14CC0022E3B4 /* Persistence.swift */,
				33994FF92688E51A0022E3B4 /* MyMedis.xcdatamodeld */,
				33994FA92687653B0022E3B4 /* Model */,
				33994FA626875B0B0022E3B4 /* Resources */,
				33910D43267F3C9A000CBC98 /* Views */,
				33910D34267F38F9000CBC98 /* MyMedisApp.swift */,
				33910D38267F38FE000CBC98 /* Assets.xcassets */,
				33910D3D267F38FE000CBC98 /* Info.plist */,
				33910D3A267F38FE000CBC98 /* Preview Content */,
				33BEBDEC26944977009F6EDF /* CoreDataStack.swift */,
			);
			path = MyMedis;
			sourceTree = "<group>";
		};
		33910D3A267F38FE000CBC98 /* Preview Content */ = {
			isa = PBXGroup;
			children = (
				33910D3B267F38FE000CBC98 /* Preview Assets.xcassets */,
			);
			path = "Preview Content";
			sourceTree = "<group>";
		};
		33910D43267F3C9A000CBC98 /* Views */ = {
			isa = PBXGroup;
			children = (
				33994FB226877C550022E3B4 /* Components */,
				33910D36267F38F9000CBC98 /* ContentView.swift */,
				33910D44267F3CDC000CBC98 /* MedicationOverview.swift */,
				33994FAE268768700022E3B4 /* SwissmedicMedicationsView.swift */,
				33995032268F49230022E3B4 /* AddMedicationView.swift */,
			);
			path = Views;
			sourceTree = "<group>";
		};
		33994FA626875B0B0022E3B4 /* Resources */ = {
			isa = PBXGroup;
			children = (
				33994FA7268765110022E3B4 /* swissmedicMedications.json */,
			);
			path = Resources;
			sourceTree = "<group>";
		};
		33994FA92687653B0022E3B4 /* Model */ = {
			isa = PBXGroup;
			children = (
				33994FAA268765510022E3B4 /* SwissmedicMedication.swift */,
				33994FAC268765C60022E3B4 /* ModelData.swift */,
				33994FB7268881ED0022E3B4 /* Medication.swift */,
			);
			path = Model;
			sourceTree = "<group>";
		};
		33994FB226877C550022E3B4 /* Components */ = {
			isa = PBXGroup;
			children = (
				33994FB326877C680022E3B4 /* SearchBar.swift */,
				33994FBB2688B58A0022E3B4 /* MedicationRow.swift */,
				C84859C1EBD6312713AF5687 /* Multiselector.swift */,
			);
			path = Components;
			sourceTree = "<group>";
		};
		33994FC22688C4050022E3B4 /* Frameworks */ = {
			isa = PBXGroup;
			children = (
				33994FC32688C4050022E3B4 /* WidgetKit.framework */,
				33994FC52688C4050022E3B4 /* SwiftUI.framework */,
			);
			name = Frameworks;
			sourceTree = "<group>";
		};
		33994FE62688CB410022E3B4 /* MedicationWidget */ = {
			isa = PBXGroup;
			children = (
				33994FE72688CB410022E3B4 /* MedicationWidget.swift */,
				33994FE92688CB430022E3B4 /* Assets.xcassets */,
				33994FEB2688CB430022E3B4 /* Info.plist */,
				338A84FE2691F7AC0097C189 /* WidgetView.swift */,
			);
			path = MedicationWidget;
			sourceTree = "<group>";
		};
/* End PBXGroup section */

/* Begin PBXNativeTarget section */
		33910D30267F38F9000CBC98 /* MyMedis */ = {
			isa = PBXNativeTarget;
			buildConfigurationList = 33910D40267F38FE000CBC98 /* Build configuration list for PBXNativeTarget "MyMedis" */;
			buildPhases = (
				33910D2D267F38F9000CBC98 /* Sources */,
				33910D2E267F38F9000CBC98 /* Frameworks */,
				33910D2F267F38F9000CBC98 /* Resources */,
				33994FD62688C4080022E3B4 /* Embed App Extensions */,
			);
			buildRules = (
			);
			dependencies = (
				33994FED2688CB430022E3B4 /* PBXTargetDependency */,
			);
			name = MyMedis;
			productName = MyMedis;
			productReference = 33910D31267F38F9000CBC98 /* MyMedis.app */;
			productType = "com.apple.product-type.application";
		};
		33994FE22688CB410022E3B4 /* MedicationWidgetExtension */ = {
			isa = PBXNativeTarget;
			buildConfigurationList = 33994FEF2688CB430022E3B4 /* Build configuration list for PBXNativeTarget "MedicationWidgetExtension" */;
			buildPhases = (
				33994FDF2688CB410022E3B4 /* Sources */,
				33994FE02688CB410022E3B4 /* Frameworks */,
				33994FE12688CB410022E3B4 /* Resources */,
			);
			buildRules = (
			);
			dependencies = (
			);
			name = MedicationWidgetExtension;
			productName = MedicationWidgetExtension;
			productReference = 33994FE32688CB410022E3B4 /* MedicationWidgetExtension.appex */;
			productType = "com.apple.product-type.app-extension";
		};
/* End PBXNativeTarget section */

/* Begin PBXProject section */
		33910D29267F38F9000CBC98 /* Project object */ = {
			isa = PBXProject;
			attributes = {
				LastSwiftUpdateCheck = 1250;
				LastUpgradeCheck = 1250;
				TargetAttributes = {
					33910D30267F38F9000CBC98 = {
						CreatedOnToolsVersion = 12.5;
					};
					33994FE22688CB410022E3B4 = {
						CreatedOnToolsVersion = 12.5.1;
					};
				};
			};
			buildConfigurationList = 33910D2C267F38F9000CBC98 /* Build configuration list for PBXProject "MyMedis" */;
			compatibilityVersion = "Xcode 9.3";
			developmentRegion = en;
			hasScannedForEncodings = 0;
			knownRegions = (
				en,
				Base,
			);
			mainGroup = 33910D28267F38F9000CBC98;
			productRefGroup = 33910D32267F38F9000CBC98 /* Products */;
			projectDirPath = "";
			projectRoot = "";
			targets = (
				33910D30267F38F9000CBC98 /* MyMedis */,
				33994FE22688CB410022E3B4 /* MedicationWidgetExtension */,
			);
		};
/* End PBXProject section */

/* Begin PBXResourcesBuildPhase section */
		33910D2F267F38F9000CBC98 /* Resources */ = {
			isa = PBXResourcesBuildPhase;
			buildActionMask = 2147483647;
			files = (
				33910D3C267F38FE000CBC98 /* Preview Assets.xcassets in Resources */,
				33994FA8268765110022E3B4 /* swissmedicMedications.json in Resources */,
				33910D39267F38FE000CBC98 /* Assets.xcassets in Resources */,
			);
			runOnlyForDeploymentPostprocessing = 0;
		};
		33994FE12688CB410022E3B4 /* Resources */ = {
			isa = PBXResourcesBuildPhase;
			buildActionMask = 2147483647;
			files = (
				33994FEA2688CB430022E3B4 /* Assets.xcassets in Resources */,
			);
			runOnlyForDeploymentPostprocessing = 0;
		};
/* End PBXResourcesBuildPhase section */

/* Begin PBXSourcesBuildPhase section */
		33910D2D267F38F9000CBC98 /* Sources */ = {
			isa = PBXSourcesBuildPhase;
			buildActionMask = 2147483647;
			files = (
				33BEBDED26944977009F6EDF /* CoreDataStack.swift in Sources */,
				33995022268F14CC0022E3B4 /* Persistence.swift in Sources */,
				33994FB8268881ED0022E3B4 /* Medication.swift in Sources */,
				33994FB426877C690022E3B4 /* SearchBar.swift in Sources */,
				33910D37267F38F9000CBC98 /* ContentView.swift in Sources */,
				33994FAB268765510022E3B4 /* SwissmedicMedication.swift in Sources */,
				33994FFB2688E51A0022E3B4 /* MyMedis.xcdatamodeld in Sources */,
				33994FAF268768700022E3B4 /* SwissmedicMedicationsView.swift in Sources */,
				33994FAD268765C60022E3B4 /* ModelData.swift in Sources */,
				33910D45267F3CDC000CBC98 /* MedicationOverview.swift in Sources */,
				33995033268F49230022E3B4 /* AddMedicationView.swift in Sources */,
				33910D35267F38F9000CBC98 /* MyMedisApp.swift in Sources */,
				33994FBC2688B58B0022E3B4 /* MedicationRow.swift in Sources */,
				C848551B2E58ABE1C1E59B78 /* Multiselector.swift in Sources */,
			);
			runOnlyForDeploymentPostprocessing = 0;
		};
		33994FDF2688CB410022E3B4 /* Sources */ = {
			isa = PBXSourcesBuildPhase;
			buildActionMask = 2147483647;
			files = (
				33994FE82688CB410022E3B4 /* MedicationWidget.swift in Sources */,
				3399502F268F42920022E3B4 /* Persistence.swift in Sources */,
				33994FF62688CB600022E3B4 /* MedicationOverview.swift in Sources */,
				33994FF42688CB590022E3B4 /* ModelData.swift in Sources */,
				33BEBDEE26944977009F6EDF /* CoreDataStack.swift in Sources */,
				338A84FF2691F7AC0097C189 /* WidgetView.swift in Sources */,
				33994FF52688CB5C0022E3B4 /* MedicationRow.swift in Sources */,
				33994FFC2688E5200022E3B4 /* MyMedis.xcdatamodeld in Sources */,
				33994FF32688CB530022E3B4 /* Medication.swift in Sources */,
				33994FF22688CB4D0022E3B4 /* SwissmedicMedication.swift in Sources */,
			);
			runOnlyForDeploymentPostprocessing = 0;
		};
/* End PBXSourcesBuildPhase section */

/* Begin PBXTargetDependency section */
		33994FED2688CB430022E3B4 /* PBXTargetDependency */ = {
			isa = PBXTargetDependency;
			target = 33994FE22688CB410022E3B4 /* MedicationWidgetExtension */;
			targetProxy = 33994FEC2688CB430022E3B4 /* PBXContainerItemProxy */;
		};
/* End PBXTargetDependency section */

/* Begin XCBuildConfiguration section */
		33910D3E267F38FE000CBC98 /* Debug */ = {
			isa = XCBuildConfiguration;
			buildSettings = {
				ALWAYS_SEARCH_USER_PATHS = NO;
				CLANG_ANALYZER_NONNULL = YES;
				CLANG_ANALYZER_NUMBER_OBJECT_CONVERSION = YES_AGGRESSIVE;
				CLANG_CXX_LANGUAGE_STANDARD = "gnu++14";
				CLANG_CXX_LIBRARY = "libc++";
				CLANG_ENABLE_MODULES = YES;
				CLANG_ENABLE_OBJC_ARC = YES;
				CLANG_ENABLE_OBJC_WEAK = YES;
				CLANG_WARN_BLOCK_CAPTURE_AUTORELEASING = YES;
				CLANG_WARN_BOOL_CONVERSION = YES;
				CLANG_WARN_COMMA = YES;
				CLANG_WARN_CONSTANT_CONVERSION = YES;
				CLANG_WARN_DEPRECATED_OBJC_IMPLEMENTATIONS = YES;
				CLANG_WARN_DIRECT_OBJC_ISA_USAGE = YES_ERROR;
				CLANG_WARN_DOCUMENTATION_COMMENTS = YES;
				CLANG_WARN_EMPTY_BODY = YES;
				CLANG_WARN_ENUM_CONVERSION = YES;
				CLANG_WARN_INFINITE_RECURSION = YES;
				CLANG_WARN_INT_CONVERSION = YES;
				CLANG_WARN_NON_LITERAL_NULL_CONVERSION = YES;
				CLANG_WARN_OBJC_IMPLICIT_RETAIN_SELF = YES;
				CLANG_WARN_OBJC_LITERAL_CONVERSION = YES;
				CLANG_WARN_OBJC_ROOT_CLASS = YES_ERROR;
				CLANG_WARN_QUOTED_INCLUDE_IN_FRAMEWORK_HEADER = YES;
				CLANG_WARN_RANGE_LOOP_ANALYSIS = YES;
				CLANG_WARN_STRICT_PROTOTYPES = YES;
				CLANG_WARN_SUSPICIOUS_MOVE = YES;
				CLANG_WARN_UNGUARDED_AVAILABILITY = YES_AGGRESSIVE;
				CLANG_WARN_UNREACHABLE_CODE = YES;
				CLANG_WARN__DUPLICATE_METHOD_MATCH = YES;
				COPY_PHASE_STRIP = NO;
				DEBUG_INFORMATION_FORMAT = dwarf;
				ENABLE_STRICT_OBJC_MSGSEND = YES;
				ENABLE_TESTABILITY = YES;
				GCC_C_LANGUAGE_STANDARD = gnu11;
				GCC_DYNAMIC_NO_PIC = NO;
				GCC_NO_COMMON_BLOCKS = YES;
				GCC_OPTIMIZATION_LEVEL = 0;
				GCC_PREPROCESSOR_DEFINITIONS = (
					"DEBUG=1",
					"$(inherited)",
				);
				GCC_WARN_64_TO_32_BIT_CONVERSION = YES;
				GCC_WARN_ABOUT_RETURN_TYPE = YES_ERROR;
				GCC_WARN_UNDECLARED_SELECTOR = YES;
				GCC_WARN_UNINITIALIZED_AUTOS = YES_AGGRESSIVE;
				GCC_WARN_UNUSED_FUNCTION = YES;
				GCC_WARN_UNUSED_VARIABLE = YES;
				IPHONEOS_DEPLOYMENT_TARGET = 14.5;
				MTL_ENABLE_DEBUG_INFO = INCLUDE_SOURCE;
				MTL_FAST_MATH = YES;
				ONLY_ACTIVE_ARCH = YES;
				SDKROOT = iphoneos;
				SWIFT_ACTIVE_COMPILATION_CONDITIONS = DEBUG;
				SWIFT_OPTIMIZATION_LEVEL = "-Onone";
			};
			name = Debug;
		};
		33910D3F267F38FE000CBC98 /* Release */ = {
			isa = XCBuildConfiguration;
			buildSettings = {
				ALWAYS_SEARCH_USER_PATHS = NO;
				CLANG_ANALYZER_NONNULL = YES;
				CLANG_ANALYZER_NUMBER_OBJECT_CONVERSION = YES_AGGRESSIVE;
				CLANG_CXX_LANGUAGE_STANDARD = "gnu++14";
				CLANG_CXX_LIBRARY = "libc++";
				CLANG_ENABLE_MODULES = YES;
				CLANG_ENABLE_OBJC_ARC = YES;
				CLANG_ENABLE_OBJC_WEAK = YES;
				CLANG_WARN_BLOCK_CAPTURE_AUTORELEASING = YES;
				CLANG_WARN_BOOL_CONVERSION = YES;
				CLANG_WARN_COMMA = YES;
				CLANG_WARN_CONSTANT_CONVERSION = YES;
				CLANG_WARN_DEPRECATED_OBJC_IMPLEMENTATIONS = YES;
				CLANG_WARN_DIRECT_OBJC_ISA_USAGE = YES_ERROR;
				CLANG_WARN_DOCUMENTATION_COMMENTS = YES;
				CLANG_WARN_EMPTY_BODY = YES;
				CLANG_WARN_ENUM_CONVERSION = YES;
				CLANG_WARN_INFINITE_RECURSION = YES;
				CLANG_WARN_INT_CONVERSION = YES;
				CLANG_WARN_NON_LITERAL_NULL_CONVERSION = YES;
				CLANG_WARN_OBJC_IMPLICIT_RETAIN_SELF = YES;
				CLANG_WARN_OBJC_LITERAL_CONVERSION = YES;
				CLANG_WARN_OBJC_ROOT_CLASS = YES_ERROR;
				CLANG_WARN_QUOTED_INCLUDE_IN_FRAMEWORK_HEADER = YES;
				CLANG_WARN_RANGE_LOOP_ANALYSIS = YES;
				CLANG_WARN_STRICT_PROTOTYPES = YES;
				CLANG_WARN_SUSPICIOUS_MOVE = YES;
				CLANG_WARN_UNGUARDED_AVAILABILITY = YES_AGGRESSIVE;
				CLANG_WARN_UNREACHABLE_CODE = YES;
				CLANG_WARN__DUPLICATE_METHOD_MATCH = YES;
				COPY_PHASE_STRIP = NO;
				DEBUG_INFORMATION_FORMAT = "dwarf-with-dsym";
				ENABLE_NS_ASSERTIONS = NO;
				ENABLE_STRICT_OBJC_MSGSEND = YES;
				GCC_C_LANGUAGE_STANDARD = gnu11;
				GCC_NO_COMMON_BLOCKS = YES;
				GCC_WARN_64_TO_32_BIT_CONVERSION = YES;
				GCC_WARN_ABOUT_RETURN_TYPE = YES_ERROR;
				GCC_WARN_UNDECLARED_SELECTOR = YES;
				GCC_WARN_UNINITIALIZED_AUTOS = YES_AGGRESSIVE;
				GCC_WARN_UNUSED_FUNCTION = YES;
				GCC_WARN_UNUSED_VARIABLE = YES;
				IPHONEOS_DEPLOYMENT_TARGET = 14.5;
				MTL_ENABLE_DEBUG_INFO = NO;
				MTL_FAST_MATH = YES;
				SDKROOT = iphoneos;
				SWIFT_COMPILATION_MODE = wholemodule;
				SWIFT_OPTIMIZATION_LEVEL = "-O";
				VALIDATE_PRODUCT = YES;
			};
			name = Release;
		};
		33910D41267F38FE000CBC98 /* Debug */ = {
			isa = XCBuildConfiguration;
			buildSettings = {
				ALWAYS_EMBED_SWIFT_STANDARD_LIBRARIES = YES;
				ASSETCATALOG_COMPILER_APPICON_NAME = AppIcon;
				ASSETCATALOG_COMPILER_GLOBAL_ACCENT_COLOR_NAME = AccentColor;
				CODE_SIGN_ENTITLEMENTS = MyMedis/MyMedis.entitlements;
				CODE_SIGN_STYLE = Automatic;
				DEVELOPMENT_ASSET_PATHS = "\"MyMedis/Preview Content\"";
				DEVELOPMENT_TEAM = LKQU55B7T8;
				ENABLE_PREVIEWS = YES;
				INFOPLIST_FILE = MyMedis/Info.plist;
				IPHONEOS_DEPLOYMENT_TARGET = 14.0;
				LD_RUNPATH_SEARCH_PATHS = (
					"$(inherited)",
					"@executable_path/Frameworks",
				);
				PRODUCT_BUNDLE_IDENTIFIER = com.heisch.regula.MyMedis;
				PRODUCT_NAME = "$(TARGET_NAME)";
				SWIFT_VERSION = 5.0;
				TARGETED_DEVICE_FAMILY = "1,2";
			};
			name = Debug;
		};
		33910D42267F38FE000CBC98 /* Release */ = {
			isa = XCBuildConfiguration;
			buildSettings = {
				ALWAYS_EMBED_SWIFT_STANDARD_LIBRARIES = YES;
				ASSETCATALOG_COMPILER_APPICON_NAME = AppIcon;
				ASSETCATALOG_COMPILER_GLOBAL_ACCENT_COLOR_NAME = AccentColor;
				CODE_SIGN_ENTITLEMENTS = MyMedis/MyMedis.entitlements;
				CODE_SIGN_STYLE = Automatic;
				DEVELOPMENT_ASSET_PATHS = "\"MyMedis/Preview Content\"";
				DEVELOPMENT_TEAM = LKQU55B7T8;
				ENABLE_PREVIEWS = YES;
				INFOPLIST_FILE = MyMedis/Info.plist;
				IPHONEOS_DEPLOYMENT_TARGET = 14.0;
				LD_RUNPATH_SEARCH_PATHS = (
					"$(inherited)",
					"@executable_path/Frameworks",
				);
				PRODUCT_BUNDLE_IDENTIFIER = com.heisch.regula.MyMedis;
				PRODUCT_NAME = "$(TARGET_NAME)";
				SWIFT_VERSION = 5.0;
				TARGETED_DEVICE_FAMILY = "1,2";
			};
			name = Release;
		};
		33994FF02688CB430022E3B4 /* Debug */ = {
			isa = XCBuildConfiguration;
			buildSettings = {
				ASSETCATALOG_COMPILER_GLOBAL_ACCENT_COLOR_NAME = AccentColor;
				ASSETCATALOG_COMPILER_WIDGET_BACKGROUND_COLOR_NAME = WidgetBackground;
				CODE_SIGN_ENTITLEMENTS = MedicationWidgetExtension.entitlements;
				CODE_SIGN_STYLE = Automatic;
				DEVELOPMENT_TEAM = LKQU55B7T8;
				INFOPLIST_FILE = MedicationWidget/Info.plist;
				LD_RUNPATH_SEARCH_PATHS = (
					"$(inherited)",
					"@executable_path/Frameworks",
					"@executable_path/../../Frameworks",
				);
				PRODUCT_BUNDLE_IDENTIFIER = com.heisch.regula.MyMedis.MedicationWidget;
				PRODUCT_NAME = "$(TARGET_NAME)";
				SKIP_INSTALL = YES;
				SWIFT_VERSION = 5.0;
				TARGETED_DEVICE_FAMILY = "1,2";
			};
			name = Debug;
		};
		33994FF12688CB430022E3B4 /* Release */ = {
			isa = XCBuildConfiguration;
			buildSettings = {
				ASSETCATALOG_COMPILER_GLOBAL_ACCENT_COLOR_NAME = AccentColor;
				ASSETCATALOG_COMPILER_WIDGET_BACKGROUND_COLOR_NAME = WidgetBackground;
				CODE_SIGN_ENTITLEMENTS = MedicationWidgetExtension.entitlements;
				CODE_SIGN_STYLE = Automatic;
				DEVELOPMENT_TEAM = LKQU55B7T8;
				INFOPLIST_FILE = MedicationWidget/Info.plist;
				LD_RUNPATH_SEARCH_PATHS = (
					"$(inherited)",
					"@executable_path/Frameworks",
					"@executable_path/../../Frameworks",
				);
				PRODUCT_BUNDLE_IDENTIFIER = com.heisch.regula.MyMedis.MedicationWidget;
				PRODUCT_NAME = "$(TARGET_NAME)";
				SKIP_INSTALL = YES;
				SWIFT_VERSION = 5.0;
				TARGETED_DEVICE_FAMILY = "1,2";
			};
			name = Release;
		};
/* End XCBuildConfiguration section */

/* Begin XCConfigurationList section */
		33910D2C267F38F9000CBC98 /* Build configuration list for PBXProject "MyMedis" */ = {
			isa = XCConfigurationList;
			buildConfigurations = (
				33910D3E267F38FE000CBC98 /* Debug */,
				33910D3F267F38FE000CBC98 /* Release */,
			);
			defaultConfigurationIsVisible = 0;
			defaultConfigurationName = Release;
		};
		33910D40267F38FE000CBC98 /* Build configuration list for PBXNativeTarget "MyMedis" */ = {
			isa = XCConfigurationList;
			buildConfigurations = (
				33910D41267F38FE000CBC98 /* Debug */,
				33910D42267F38FE000CBC98 /* Release */,
			);
			defaultConfigurationIsVisible = 0;
			defaultConfigurationName = Release;
		};
		33994FEF2688CB430022E3B4 /* Build configuration list for PBXNativeTarget "MedicationWidgetExtension" */ = {
			isa = XCConfigurationList;
			buildConfigurations = (
				33994FF02688CB430022E3B4 /* Debug */,
				33994FF12688CB430022E3B4 /* Release */,
			);
			defaultConfigurationIsVisible = 0;
			defaultConfigurationName = Release;
		};
/* End XCConfigurationList section */

/* Begin XCVersionGroup section */
		33994FF92688E51A0022E3B4 /* MyMedis.xcdatamodeld */ = {
			isa = XCVersionGroup;
			children = (
				33994FFA2688E51A0022E3B4 /* Main.xcdatamodel */,
			);
			currentVersion = 33994FFA2688E51A0022E3B4 /* Main.xcdatamodel */;
			path = MyMedis.xcdatamodeld;
			sourceTree = "<group>";
			versionGroupType = wrapper.xcdatamodel;
		};
/* End XCVersionGroup section */
	};
	rootObject = 33910D29267F38F9000CBC98 /* Project object */;
}
